
Microsoft Visual Studio Solution File, Format Version 12.00
Project("{FAE04EC0-301F-11D3-BF4B-00C04F79EFBC}") = "InterviewTracker.API", "InterviewTracker.API\InterviewTracker.API.csproj", "{2929BC46-C30A-475E-990D-E60FFCD2FC85}"
EndProject
Global
	GlobalSection(SolutionConfigurationPlatforms) = preSolution
		Debug|Any CPU = Debug|Any CPU
		Release|Any CPU = Release|Any CPU
	EndGlobalSection
	GlobalSection(ProjectConfigurationPlatforms) = postSolution
		{2929BC46-C30A-475E-990D-E60FFCD2FC85}.Debug|Any CPU.ActiveCfg = Debug|Any CPU
		{2929BC46-C30A-475E-990D-E60FFCD2FC85}.Debug|Any CPU.Build.0 = Debug|Any CPU
		{2929BC46-C30A-475E-990D-E60FFCD2FC85}.Release|Any CPU.ActiveCfg = Release|Any CPU
		{2929BC46-C30A-475E-990D-E60FFCD2FC85}.Release|Any CPU.Build.0 = Release|Any CPU
	EndGlobalSection
EndGlobal
